
Microsoft Visual Studio Solution File, Format Version 12.00
# Visual Studio Version 17
VisualStudioVersion = 17.14.36518.9 d17.14
MinimumVisualStudioVersion = 10.0.40219.1
Project("{888888A0-9F3D-457C-B088-3A5042F75D52}") = "111", "111.pyproj", "{CD5BD518-37AB-4B7C-A71C-3957E4B349C9}"
EndProject
Global
	GlobalSection(SolutionConfigurationPlatforms) = preSolution
		Debug|Any CPU = Debug|Any CPU
		Release|Any CPU = Release|Any CPU
	EndGlobalSection
	GlobalSection(ProjectConfigurationPlatforms) = postSolution
		{CD5BD518-37AB-4B7C-A71C-3957E4B349C9}.Debug|Any CPU.ActiveCfg = Debug|Any CPU
		{CD5BD518-37AB-4B7C-A71C-3957E4B349C9}.Release|Any CPU.ActiveCfg = Release|Any CPU
	EndGlobalSection
	GlobalSection(SolutionProperties) = preSolution
		HideSolutionNode = FALSE
	EndGlobalSection
	GlobalSection(ExtensibilityGlobals) = postSolution
		SolutionGuid = {B7890CFD-21DA-4560-AE4B-87A48002DEE6}
	EndGlobalSection
EndGlobal
